// !$*UTF8*$!
{
	archiveVersion = 1;
	classes = {
	};
	objectVersion = 46;
	objects = {

/* Begin PBXBuildFile section */
		504A0EBF1B008B0600820E74 /* main.m in Sources */ = {isa = PBXBuildFile; fileRef = 504A0EBE1B008B0600820E74 /* main.m */; };
		504A0EC21B008B0600820E74 /* AppDelegate.m in Sources */ = {isa = PBXBuildFile; fileRef = 504A0EC11B008B0600820E74 /* AppDelegate.m */; };
		504A0EC51B008B0600820E74 /* ViewController.m in Sources */ = {isa = PBXBuildFile; fileRef = 504A0EC41B008B0600820E74 /* ViewController.m */; };
		504A0EC81B008B0600820E74 /* Main.storyboard in Resources */ = {isa = PBXBuildFile; fileRef = 504A0EC61B008B0600820E74 /* Main.storyboard */; };
		504A0ECA1B008B0600820E74 /* Images.xcassets in Resources */ = {isa = PBXBuildFile; fileRef = 504A0EC91B008B0600820E74 /* Images.xcassets */; };
		504A0ECD1B008B0600820E74 /* LaunchScreen.xib in Resources */ = {isa = PBXBuildFile; fileRef = 504A0ECB1B008B0600820E74 /* LaunchScreen.xib */; };
		504A0ED91B008B0600820E74 /* XMLTest1Tests.m in Sources */ = {isa = PBXBuildFile; fileRef = 504A0ED81B008B0600820E74 /* XMLTest1Tests.m */; };
		504A0EE61B008F6B00820E74 /* NotesXMLParser.m in Sources */ = {isa = PBXBuildFile; fileRef = 504A0EE51B008F6B00820E74 /* NotesXMLParser.m */; };
		50F1E4DA1B04DB500004A9C8 /* Notes.xml in Resources */ = {isa = PBXBuildFile; fileRef = 50F1E4D91B04DB500004A9C8 /* Notes.xml */; };
/* End PBXBuildFile section */

/* Begin PBXContainerItemProxy section */
		504A0ED31B008B0600820E74 /* PBXContainerItemProxy */ = {
			isa = PBXContainerItemProxy;
			containerPortal = 504A0EB11B008B0600820E74 /* Project object */;
			proxyType = 1;
			remoteGlobalIDString = 504A0EB81B008B0600820E74;
			remoteInfo = XMLTest1;
		};
/* End PBXContainerItemProxy section */

/* Begin PBXFileReference section */
		504A0EB91B008B0600820E74 /* XMLTest1.app */ = {isa = PBXFileReference; explicitFileType = wrapper.application; includeInIndex = 0; path = XMLTest1.app; sourceTree = BUILT_PRODUCTS_DIR; };
		504A0EBD1B008B0600820E74 /* Info.plist */ = {isa = PBXFileReference; lastKnownFileType = text.plist.xml; path = Info.plist; sourceTree = "<group>"; };
		504A0EBE1B008B0600820E74 /* main.m */ = {isa = PBXFileReference; lastKnownFileType = sourcecode.c.objc; path = main.m; sourceTree = "<group>"; };
		504A0EC01B008B0600820E74 /* AppDelegate.h */ = {isa = PBXFileReference; lastKnownFileType = sourcecode.c.h; path = AppDelegate.h; sourceTree = "<group>"; };
		504A0EC11B008B0600820E74 /* AppDelegate.m */ = {isa = PBXFileReference; lastKnownFileType = sourcecode.c.objc; path = AppDelegate.m; sourceTree = "<group>"; };
		504A0EC31B008B0600820E74 /* ViewController.h */ = {isa = PBXFileReference; lastKnownFileType = sourcecode.c.h; path = ViewController.h; sourceTree = "<group>"; };
		504A0EC41B008B0600820E74 /* ViewController.m */ = {isa = PBXFileReference; lastKnownFileType = sourcecode.c.objc; path = ViewController.m; sourceTree = "<group>"; };
		504A0EC71B008B0600820E74 /* Base */ = {isa = PBXFileReference; lastKnownFileType = file.storyboard; name = Base; path = Base.lproj/Main.storyboard; sourceTree = "<group>"; };
		504A0EC91B008B0600820E74 /* Images.xcassets */ = {isa = PBXFileReference; lastKnownFileType = folder.assetcatalog; path = Images.xcassets; sourceTree = "<group>"; };
		504A0ECC1B008B0600820E74 /* Base */ = {isa = PBXFileReference; lastKnownFileType = file.xib; name = Base; path = Base.lproj/LaunchScreen.xib; sourceTree = "<group>"; };
		504A0ED21B008B0600820E74 /* XMLTest1Tests.xctest */ = {isa = PBXFileReference; explicitFileType = wrapper.cfbundle; includeInIndex = 0; path = XMLTest1Tests.xctest; sourceTree = BUILT_PRODUCTS_DIR; };
		504A0ED71B008B0600820E74 /* Info.plist */ = {isa = PBXFileReference; lastKnownFileType = text.plist.xml; path = Info.plist; sourceTree = "<group>"; };
		504A0ED81B008B0600820E74 /* XMLTest1Tests.m */ = {isa = PBXFileReference; lastKnownFileType = sourcecode.c.objc; path = XMLTest1Tests.m; sourceTree = "<group>"; };
		504A0EE41B008F6B00820E74 /* NotesXMLParser.h */ = {isa = PBXFileReference; fileEncoding = 4; lastKnownFileType = sourcecode.c.h; path = NotesXMLParser.h; sourceTree = "<group>"; };
		504A0EE51B008F6B00820E74 /* NotesXMLParser.m */ = {isa = PBXFileReference; fileEncoding = 4; lastKnownFileType = sourcecode.c.objc; path = NotesXMLParser.m; sourceTree = "<group>"; };
		50F1E4D91B04DB500004A9C8 /* Notes.xml */ = {isa = PBXFileReference; fileEncoding = 4; lastKnownFileType = text.xml; path = Notes.xml; sourceTree = "<group>"; };
/* End PBXFileReference section */

/* Begin PBXFrameworksBuildPhase section */
		504A0EB61B008B0600820E74 /* Frameworks */ = {
			isa = PBXFrameworksBuildPhase;
			buildActionMask = 2147483647;
			files = (
			);
			runOnlyForDeploymentPostprocessing = 0;
		};
		504A0ECF1B008B0600820E74 /* Frameworks */ = {
			isa = PBXFrameworksBuildPhase;
			buildActionMask = 2147483647;
			files = (
			);
			runOnlyForDeploymentPostprocessing = 0;
		};
/* End PBXFrameworksBuildPhase section */

/* Begin PBXGroup section */
		504A0EB01B008B0600820E74 = {
			isa = PBXGroup;
			children = (
				50F1E4D91B04DB500004A9C8 /* Notes.xml */,
				504A0EBB1B008B0600820E74 /* XMLTest1 */,
				504A0ED51B008B0600820E74 /* XMLTest1Tests */,
				504A0EBA1B008B0600820E74 /* Products */,
			);
			sourceTree = "<group>";
		};
		504A0EBA1B008B0600820E74 /* Products */ = {
			isa = PBXGroup;
			children = (
				504A0EB91B008B0600820E74 /* XMLTest1.app */,
				504A0ED21B008B0600820E74 /* XMLTest1Tests.xctest */,
			);
			name = Products;
			sourceTree = "<group>";
		};
		504A0EBB1B008B0600820E74 /* XMLTest1 */ = {
			isa = PBXGroup;
			children = (
				504A0EC01B008B0600820E74 /* AppDelegate.h */,
				504A0EC11B008B0600820E74 /* AppDelegate.m */,
				504A0EC31B008B0600820E74 /* ViewController.h */,
				504A0EC41B008B0600820E74 /* ViewController.m */,
				504A0EE41B008F6B00820E74 /* NotesXMLParser.h */,
				504A0EE51B008F6B00820E74 /* NotesXMLParser.m */,
				504A0EC61B008B0600820E74 /* Main.storyboard */,
				504A0EC91B008B0600820E74 /* Images.xcassets */,
				504A0ECB1B008B0600820E74 /* LaunchScreen.xib */,
				504A0EBC1B008B0600820E74 /* Supporting Files */,
			);
			path = XMLTest1;
			sourceTree = "<group>";
		};
		504A0EBC1B008B0600820E74 /* Supporting Files */ = {
			isa = PBXGroup;
			children = (
				504A0EBD1B008B0600820E74 /* Info.plist */,
				504A0EBE1B008B0600820E74 /* main.m */,
			);
			name = "Supporting Files";
			sourceTree = "<group>";
		};
		504A0ED51B008B0600820E74 /* XMLTest1Tests */ = {
			isa = PBXGroup;
			children = (
				504A0ED81B008B0600820E74 /* XMLTest1Tests.m */,
				504A0ED61B008B0600820E74 /* Supporting Files */,
			);
			path = XMLTest1Tests;
			sourceTree = "<group>";
		};
		504A0ED61B008B0600820E74 /* Supporting Files */ = {
			isa = PBXGroup;
			children = (
				504A0ED71B008B0600820E74 /* Info.plist */,
			);
			name = "Supporting Files";
			sourceTree = "<group>";
		};
/* End PBXGroup section */

/* Begin PBXNativeTarget section */
		504A0EB81B008B0600820E74 /* XMLTest1 */ = {
			isa = PBXNativeTarget;
			buildConfigurationList = 504A0EDC1B008B0600820E74 /* Build configuration list for PBXNativeTarget "XMLTest1" */;
			buildPhases = (
				504A0EB51B008B0600820E74 /* Sources */,
				504A0EB61B008B0600820E74 /* Frameworks */,
				504A0EB71B008B0600820E74 /* Resources */,
			);
			buildRules = (
			);
			dependencies = (
			);
			name = XMLTest1;
			productName = XMLTest1;
			productReference = 504A0EB91B008B0600820E74 /* XMLTest1.app */;
			productType = "com.apple.product-type.application";
		};
		504A0ED11B008B0600820E74 /* XMLTest1Tests */ = {
			isa = PBXNativeTarget;
			buildConfigurationList = 504A0EDF1B008B0600820E74 /* Build configuration list for PBXNativeTarget "XMLTest1Tests" */;
			buildPhases = (
				504A0ECE1B008B0600820E74 /* Sources */,
				504A0ECF1B008B0600820E74 /* Frameworks */,
				504A0ED01B008B0600820E74 /* Resources */,
			);
			buildRules = (
			);
			dependencies = (
				504A0ED41B008B0600820E74 /* PBXTargetDependency */,
			);
			name = XMLTest1Tests;
			productName = XMLTest1Tests;
			productReference = 504A0ED21B008B0600820E74 /* XMLTest1Tests.xctest */;
			productType = "com.apple.product-type.bundle.unit-test";
		};
/* End PBXNativeTarget section */

/* Begin PBXProject section */
		504A0EB11B008B0600820E74 /* Project object */ = {
			isa = PBXProject;
			attributes = {
				LastUpgradeCheck = 0630;
				ORGANIZATIONNAME = wxiang1991;
				TargetAttributes = {
					504A0EB81B008B0600820E74 = {
						CreatedOnToolsVersion = 6.3.1;
					};
					504A0ED11B008B0600820E74 = {
						CreatedOnToolsVersion = 6.3.1;
						TestTargetID = 504A0EB81B008B0600820E74;
					};
				};
			};
			buildConfigurationList = 504A0EB41B008B0600820E74 /* Build configuration list for PBXProject "XMLTest1" */;
			compatibilityVersion = "Xcode 3.2";
			developmentRegion = English;
			hasScannedForEncodings = 0;
			knownRegions = (
				en,
				Base,
			);
			mainGroup = 504A0EB01B008B0600820E74;
			productRefGroup = 504A0EBA1B008B0600820E74 /* Products */;
			projectDirPath = "";
			projectRoot = "";
			targets = (
				504A0EB81B008B0600820E74 /* XMLTest1 */,
				504A0ED11B008B0600820E74 /* XMLTest1Tests */,
			);
		};
/* End PBXProject section */

/* Begin PBXResourcesBuildPhase section */
		504A0EB71B008B0600820E74 /* Resources */ = {
			isa = PBXResourcesBuildPhase;
			buildActionMask = 2147483647;
			files = (
				504A0EC81B008B0600820E74 /* Main.storyboard in Resources */,
				50F1E4DA1B04DB500004A9C8 /* Notes.xml in Resources */,
				504A0ECD1B008B0600820E74 /* LaunchScreen.xib in Resources */,
				504A0ECA1B008B0600820E74 /* Images.xcassets in Resources */,
			);
			runOnlyForDeploymentPostprocessing = 0;
		};
		504A0ED01B008B0600820E74 /* Resources */ = {
			isa = PBXResourcesBuildPhase;
			buildActionMask = 2147483647;
			files = (
			);
			runOnlyForDeploymentPostprocessing = 0;
		};
/* End PBXResourcesBuildPhase section */

/* Begin PBXSourcesBuildPhase section */
		504A0EB51B008B0600820E74 /* Sources */ = {
			isa = PBXSourcesBuildPhase;
			buildActionMask = 2147483647;
			files = (
				504A0EC51B008B0600820E74 /* ViewController.m in Sources */,
				504A0EC21B008B0600820E74 /* AppDelegate.m in Sources */,
				504A0EBF1B008B0600820E74 /* main.m in Sources */,
				504A0EE61B008F6B00820E74 /* NotesXMLParser.m in Sources */,
			);
			runOnlyForDeploymentPostprocessing = 0;
		};
		504A0ECE1B008B0600820E74 /* Sources */ = {
			isa = PBXSourcesBuildPhase;
			buildActionMask = 2147483647;
			files = (
				504A0ED91B008B0600820E74 /* XMLTest1Tests.m in Sources */,
			);
			runOnlyForDeploymentPostprocessing = 0;
		};
/* End PBXSourcesBuildPhase section */

/* Begin PBXTargetDependency section */
		504A0ED41B008B0600820E74 /* PBXTargetDependency */ = {
			isa = PBXTargetDependency;
			target = 504A0EB81B008B0600820E74 /* XMLTest1 */;
			targetProxy = 504A0ED31B008B0600820E74 /* PBXContainerItemProxy */;
		};
/* End PBXTargetDependency section */

/* Begin PBXVariantGroup section */
		504A0EC61B008B0600820E74 /* Main.storyboard */ = {
			isa = PBXVariantGroup;
			children = (
				504A0EC71B008B0600820E74 /* Base */,
			);
			name = Main.storyboard;
			sourceTree = "<group>";
		};
		504A0ECB1B008B0600820E74 /* LaunchScreen.xib */ = {
			isa = PBXVariantGroup;
			children = (
				504A0ECC1B008B0600820E74 /* Base */,
			);
			name = LaunchScreen.xib;
			sourceTree = "<group>";
		};
/* End PBXVariantGroup section */

/* Begin XCBuildConfiguration section */
		504A0EDA1B008B0600820E74 /* Debug */ = {
			isa = XCBuildConfiguration;
			buildSettings = {
				ALWAYS_SEARCH_USER_PATHS = NO;
				CLANG_CXX_LANGUAGE_STANDARD = "gnu++0x";
				CLANG_CXX_LIBRARY = "libc++";
				CLANG_ENABLE_MODULES = YES;
				CLANG_ENABLE_OBJC_ARC = YES;
				CLANG_WARN_BOOL_CONVERSION = YES;
				CLANG_WARN_CONSTANT_CONVERSION = YES;
				CLANG_WARN_DIRECT_OBJC_ISA_USAGE = YES_ERROR;
				CLANG_WARN_EMPTY_BODY = YES;
				CLANG_WARN_ENUM_CONVERSION = YES;
				CLANG_WARN_INT_CONVERSION = YES;
				CLANG_WARN_OBJC_ROOT_CLASS = YES_ERROR;
				CLANG_WARN_UNREACHABLE_CODE = YES;
				CLANG_WARN__DUPLICATE_METHOD_MATCH = YES;
				"CODE_SIGN_IDENTITY[sdk=iphoneos*]" = "iPhone Developer";
				COPY_PHASE_STRIP = NO;
				DEBUG_INFORMATION_FORMAT = "dwarf-with-dsym";
				ENABLE_STRICT_OBJC_MSGSEND = YES;
				GCC_C_LANGUAGE_STANDARD = gnu99;
				GCC_DYNAMIC_NO_PIC = NO;
				GCC_NO_COMMON_BLOCKS = YES;
				GCC_OPTIMIZATION_LEVEL = 0;
				GCC_PREPROCESSOR_DEFINITIONS = (
					"DEBUG=1",
					"$(inherited)",
				);
				GCC_SYMBOLS_PRIVATE_EXTERN = NO;
				GCC_WARN_64_TO_32_BIT_CONVERSION = YES;
				GCC_WARN_ABOUT_RETURN_TYPE = YES_ERROR;
				GCC_WARN_UNDECLARED_SELECTOR = YES;
				GCC_WARN_UNINITIALIZED_AUTOS = YES_AGGRESSIVE;
				GCC_WARN_UNUSED_FUNCTION = YES;
				GCC_WARN_UNUSED_VARIABLE = YES;
				IPHONEOS_DEPLOYMENT_TARGET = 8.3;
				MTL_ENABLE_DEBUG_INFO = YES;
				ONLY_ACTIVE_ARCH = YES;
				SDKROOT = iphoneos;
			};
			name = Debug;
		};
		504A0EDB1B008B0600820E74 /* Release */ = {
			isa = XCBuildConfiguration;
			buildSettings = {
				ALWAYS_SEARCH_USER_PATHS = NO;
				CLANG_CXX_LANGUAGE_STANDARD = "gnu++0x";
				CLANG_CXX_LIBRARY = "libc++";
				CLANG_ENABLE_MODULES = YES;
				CLANG_ENABLE_OBJC_ARC = YES;
				CLANG_WARN_BOOL_CONVERSION = YES;
				CLANG_WARN_CONSTANT_CONVERSION = YES;
				CLANG_WARN_DIRECT_OBJC_ISA_USAGE = YES_ERROR;
				CLANG_WARN_EMPTY_BODY = YES;
				CLANG_WARN_ENUM_CONVERSION = YES;
				CLANG_WARN_INT_CONVERSION = YES;
				CLANG_WARN_OBJC_ROOT_CLASS = YES_ERROR;
				CLANG_WARN_UNREACHABLE_CODE = YES;
				CLANG_WARN__DUPLICATE_METHOD_MATCH = YES;
				"CODE_SIGN_IDENTITY[sdk=iphoneos*]" = "iPhone Developer";
				COPY_PHASE_STRIP = NO;
				DEBUG_INFORMATION_FORMAT = "dwarf-with-dsym";
				ENABLE_NS_ASSERTIONS = NO;
				ENABLE_STRICT_OBJC_MSGSEND = YES;
				GCC_C_LANGUAGE_STANDARD = gnu99;
				GCC_NO_COMMON_BLOCKS = YES;
				GCC_WARN_64_TO_32_BIT_CONVERSION = YES;
				GCC_WARN_ABOUT_RETURN_TYPE = YES_ERROR;
				GCC_WARN_UNDECLARED_SELECTOR = YES;
				GCC_WARN_UNINITIALIZED_AUTOS = YES_AGGRESSIVE;
				GCC_WARN_UNUSED_FUNCTION = YES;
				GCC_WARN_UNUSED_VARIABLE = YES;
				IPHONEOS_DEPLOYMENT_TARGET = 8.3;
				MTL_ENABLE_DEBUG_INFO = NO;
				SDKROOT = iphoneos;
				VALIDATE_PRODUCT = YES;
			};
			name = Release;
		};
		504A0EDD1B008B0600820E74 /* Debug */ = {
			isa = XCBuildConfiguration;
			buildSettings = {
				ASSETCATALOG_COMPILER_APPICON_NAME = AppIcon;
				INFOPLIST_FILE = XMLTest1/Info.plist;
				LD_RUNPATH_SEARCH_PATHS = "$(inherited) @executable_path/Frameworks";
				PRODUCT_NAME = "$(TARGET_NAME)";
			};
			name = Debug;
		};
		504A0EDE1B008B0600820E74 /* Release */ = {
			isa = XCBuildConfiguration;
			buildSettings = {
				ASSETCATALOG_COMPILER_APPICON_NAME = AppIcon;
				INFOPLIST_FILE = XMLTest1/Info.plist;
				LD_RUNPATH_SEARCH_PATHS = "$(inherited) @executable_path/Frameworks";
				PRODUCT_NAME = "$(TARGET_NAME)";
			};
			name = Release;
		};
		504A0EE01B008B0600820E74 /* Debug */ = {
			isa = XCBuildConfiguration;
			buildSettings = {
				BUNDLE_LOADER = "$(TEST_HOST)";
				FRAMEWORK_SEARCH_PATHS = (
					"$(SDKROOT)/Developer/Library/Frameworks",
					"$(inherited)",
				);
				GCC_PREPROCESSOR_DEFINITIONS = (
					"DEBUG=1",
					"$(inherited)",
				);
				INFOPLIST_FILE = XMLTest1Tests/Info.plist;
				LD_RUNPATH_SEARCH_PATHS = "$(inherited) @executable_path/Frameworks @loader_path/Frameworks";
				PRODUCT_NAME = "$(TARGET_NAME)";
				TEST_HOST = "$(BUILT_PRODUCTS_DIR)/XMLTest1.app/XMLTest1";
			};
			name = Debug;
		};
		504A0EE11B008B0600820E74 /* Release */ = {
			isa = XCBuildConfiguration;
			buildSettings = {
				BUNDLE_LOADER = "$(TEST_HOST)";
				FRAMEWORK_SEARCH_PATHS = (
					"$(SDKROOT)/Developer/Library/Frameworks",
					"$(inherited)",
				);
				INFOPLIST_FILE = XMLTest1Tests/Info.plist;
				LD_RUNPATH_SEARCH_PATHS = "$(inherited) @executable_path/Frameworks @loader_path/Frameworks";
				PRODUCT_NAME = "$(TARGET_NAME)";
				TEST_HOST = "$(BUILT_PRODUCTS_DIR)/XMLTest1.app/XMLTest1";
			};
			name = Release;
		};
/* End XCBuildConfiguration section */

/* Begin XCConfigurationList section */
		504A0EB41B008B0600820E74 /* Build configuration list for PBXProject "XMLTest1" */ = {
			isa = XCConfigurationList;
			buildConfigurations = (
				504A0EDA1B008B0600820E74 /* Debug */,
				504A0EDB1B008B0600820E74 /* Release */,
			);
			defaultConfigurationIsVisible = 0;
			defaultConfigurationName = Release;
		};
		504A0EDC1B008B0600820E74 /* Build configuration list for PBXNativeTarget "XMLTest1" */ = {
			isa = XCConfigurationList;
			buildConfigurations = (
				504A0EDD1B008B0600820E74 /* Debug */,
				504A0EDE1B008B0600820E74 /* Release */,
			);
			defaultConfigurationIsVisible = 0;
			defaultConfigurationName = Release;
		};
		504A0EDF1B008B0600820E74 /* Build configuration list for PBXNativeTarget "XMLTest1Tests" */ = {
			isa = XCConfigurationList;
			buildConfigurations = (
				504A0EE01B008B0600820E74 /* Debug */,
				504A0EE11B008B0600820E74 /* Release */,
			);
			defaultConfigurationIsVisible = 0;
			defaultConfigurationName = Release;
		};
/* End XCConfigurationList section */
	};
	rootObject = 504A0EB11B008B0600820E74 /* Project object */;
}
