// !$*UTF8*$!
{
	archiveVersion = 1;
	classes = {
	};
	objectVersion = 46;
	objects = {

/* Begin PBXBuildFile section */
		500EA4921B0A290B0086484F /* main.m in Sources */ = {isa = PBXBuildFile; fileRef = 500EA4911B0A290B0086484F /* main.m */; };
		500EA4951B0A290B0086484F /* AppDelegate.m in Sources */ = {isa = PBXBuildFile; fileRef = 500EA4941B0A290B0086484F /* AppDelegate.m */; };
		500EA4981B0A290B0086484F /* ViewController.m in Sources */ = {isa = PBXBuildFile; fileRef = 500EA4971B0A290B0086484F /* ViewController.m */; };
		500EA49B1B0A290B0086484F /* Main.storyboard in Resources */ = {isa = PBXBuildFile; fileRef = 500EA4991B0A290B0086484F /* Main.storyboard */; };
		500EA49D1B0A290B0086484F /* Images.xcassets in Resources */ = {isa = PBXBuildFile; fileRef = 500EA49C1B0A290B0086484F /* Images.xcassets */; };
		500EA4A01B0A290B0086484F /* LaunchScreen.xib in Resources */ = {isa = PBXBuildFile; fileRef = 500EA49E1B0A290B0086484F /* LaunchScreen.xib */; };
		500EA4AC1B0A290B0086484F /* XMLTest2Tests.m in Sources */ = {isa = PBXBuildFile; fileRef = 500EA4AB1B0A290B0086484F /* XMLTest2Tests.m */; };
		500EA4B61B0A29320086484F /* libz.dylib in Frameworks */ = {isa = PBXBuildFile; fileRef = 500EA4B51B0A29320086484F /* libz.dylib */; };
		500EA4B91B0A295E0086484F /* NotesTBXMLParser.m in Sources */ = {isa = PBXBuildFile; fileRef = 500EA4B81B0A295E0086484F /* NotesTBXMLParser.m */; };
		500EA4C21B0A2A380086484F /* TBXML+Compression.m in Sources */ = {isa = PBXBuildFile; fileRef = 500EA4BB1B0A2A380086484F /* TBXML+Compression.m */; };
		500EA4C31B0A2A380086484F /* TBXML+HTTP.m in Sources */ = {isa = PBXBuildFile; fileRef = 500EA4BC1B0A2A380086484F /* TBXML+HTTP.m */; };
		500EA4C41B0A2A380086484F /* TBXML.m in Sources */ = {isa = PBXBuildFile; fileRef = 500EA4BD1B0A2A380086484F /* TBXML.m */; };
/* End PBXBuildFile section */

/* Begin PBXContainerItemProxy section */
		500EA4A61B0A290B0086484F /* PBXContainerItemProxy */ = {
			isa = PBXContainerItemProxy;
			containerPortal = 500EA4841B0A290B0086484F /* Project object */;
			proxyType = 1;
			remoteGlobalIDString = 500EA48B1B0A290B0086484F;
			remoteInfo = XMLTest2;
		};
/* End PBXContainerItemProxy section */

/* Begin PBXFileReference section */
		500EA48C1B0A290B0086484F /* XMLTest2.app */ = {isa = PBXFileReference; explicitFileType = wrapper.application; includeInIndex = 0; path = XMLTest2.app; sourceTree = BUILT_PRODUCTS_DIR; };
		500EA4901B0A290B0086484F /* Info.plist */ = {isa = PBXFileReference; lastKnownFileType = text.plist.xml; path = Info.plist; sourceTree = "<group>"; };
		500EA4911B0A290B0086484F /* main.m */ = {isa = PBXFileReference; lastKnownFileType = sourcecode.c.objc; path = main.m; sourceTree = "<group>"; };
		500EA4931B0A290B0086484F /* AppDelegate.h */ = {isa = PBXFileReference; lastKnownFileType = sourcecode.c.h; path = AppDelegate.h; sourceTree = "<group>"; };
		500EA4941B0A290B0086484F /* AppDelegate.m */ = {isa = PBXFileReference; lastKnownFileType = sourcecode.c.objc; path = AppDelegate.m; sourceTree = "<group>"; };
		500EA4961B0A290B0086484F /* ViewController.h */ = {isa = PBXFileReference; lastKnownFileType = sourcecode.c.h; path = ViewController.h; sourceTree = "<group>"; };
		500EA4971B0A290B0086484F /* ViewController.m */ = {isa = PBXFileReference; lastKnownFileType = sourcecode.c.objc; path = ViewController.m; sourceTree = "<group>"; };
		500EA49A1B0A290B0086484F /* Base */ = {isa = PBXFileReference; lastKnownFileType = file.storyboard; name = Base; path = Base.lproj/Main.storyboard; sourceTree = "<group>"; };
		500EA49C1B0A290B0086484F /* Images.xcassets */ = {isa = PBXFileReference; lastKnownFileType = folder.assetcatalog; path = Images.xcassets; sourceTree = "<group>"; };
		500EA49F1B0A290B0086484F /* Base */ = {isa = PBXFileReference; lastKnownFileType = file.xib; name = Base; path = Base.lproj/LaunchScreen.xib; sourceTree = "<group>"; };
		500EA4A51B0A290B0086484F /* XMLTest2Tests.xctest */ = {isa = PBXFileReference; explicitFileType = wrapper.cfbundle; includeInIndex = 0; path = XMLTest2Tests.xctest; sourceTree = BUILT_PRODUCTS_DIR; };
		500EA4AA1B0A290B0086484F /* Info.plist */ = {isa = PBXFileReference; lastKnownFileType = text.plist.xml; path = Info.plist; sourceTree = "<group>"; };
		500EA4AB1B0A290B0086484F /* XMLTest2Tests.m */ = {isa = PBXFileReference; lastKnownFileType = sourcecode.c.objc; path = XMLTest2Tests.m; sourceTree = "<group>"; };
		500EA4B51B0A29320086484F /* libz.dylib */ = {isa = PBXFileReference; lastKnownFileType = "compiled.mach-o.dylib"; name = libz.dylib; path = usr/lib/libz.dylib; sourceTree = SDKROOT; };
		500EA4B71B0A295E0086484F /* NotesTBXMLParser.h */ = {isa = PBXFileReference; fileEncoding = 4; lastKnownFileType = sourcecode.c.h; path = NotesTBXMLParser.h; sourceTree = "<group>"; };
		500EA4B81B0A295E0086484F /* NotesTBXMLParser.m */ = {isa = PBXFileReference; fileEncoding = 4; lastKnownFileType = sourcecode.c.objc; path = NotesTBXMLParser.m; sourceTree = "<group>"; };
		500EA4BB1B0A2A380086484F /* TBXML+Compression.m */ = {isa = PBXFileReference; fileEncoding = 4; lastKnownFileType = sourcecode.c.objc; path = "TBXML+Compression.m"; sourceTree = "<group>"; };
		500EA4BC1B0A2A380086484F /* TBXML+HTTP.m */ = {isa = PBXFileReference; fileEncoding = 4; lastKnownFileType = sourcecode.c.objc; path = "TBXML+HTTP.m"; sourceTree = "<group>"; };
		500EA4BD1B0A2A380086484F /* TBXML.m */ = {isa = PBXFileReference; fileEncoding = 4; lastKnownFileType = sourcecode.c.objc; path = TBXML.m; sourceTree = "<group>"; };
		500EA4BF1B0A2A380086484F /* TBXML+Compression.h */ = {isa = PBXFileReference; fileEncoding = 4; lastKnownFileType = sourcecode.c.h; path = "TBXML+Compression.h"; sourceTree = "<group>"; };
		500EA4C01B0A2A380086484F /* TBXML+HTTP.h */ = {isa = PBXFileReference; fileEncoding = 4; lastKnownFileType = sourcecode.c.h; path = "TBXML+HTTP.h"; sourceTree = "<group>"; };
		500EA4C11B0A2A380086484F /* TBXML.h */ = {isa = PBXFileReference; fileEncoding = 4; lastKnownFileType = sourcecode.c.h; path = TBXML.h; sourceTree = "<group>"; };
/* End PBXFileReference section */

/* Begin PBXFrameworksBuildPhase section */
		500EA4891B0A290B0086484F /* Frameworks */ = {
			isa = PBXFrameworksBuildPhase;
			buildActionMask = 2147483647;
			files = (
				500EA4B61B0A29320086484F /* libz.dylib in Frameworks */,
			);
			runOnlyForDeploymentPostprocessing = 0;
		};
		500EA4A21B0A290B0086484F /* Frameworks */ = {
			isa = PBXFrameworksBuildPhase;
			buildActionMask = 2147483647;
			files = (
			);
			runOnlyForDeploymentPostprocessing = 0;
		};
/* End PBXFrameworksBuildPhase section */

/* Begin PBXGroup section */
		500EA4831B0A290B0086484F = {
			isa = PBXGroup;
			children = (
				500EA48E1B0A290B0086484F /* XMLTest2 */,
				500EA4A81B0A290B0086484F /* XMLTest2Tests */,
				500EA48D1B0A290B0086484F /* Products */,
				500EA4B51B0A29320086484F /* libz.dylib */,
			);
			sourceTree = "<group>";
		};
		500EA48D1B0A290B0086484F /* Products */ = {
			isa = PBXGroup;
			children = (
				500EA48C1B0A290B0086484F /* XMLTest2.app */,
				500EA4A51B0A290B0086484F /* XMLTest2Tests.xctest */,
			);
			name = Products;
			sourceTree = "<group>";
		};
		500EA48E1B0A290B0086484F /* XMLTest2 */ = {
			isa = PBXGroup;
			children = (
				500EA4BA1B0A2A380086484F /* TBXML-Code */,
				500EA4BE1B0A2A380086484F /* TBXML-Headers */,
				500EA4931B0A290B0086484F /* AppDelegate.h */,
				500EA4941B0A290B0086484F /* AppDelegate.m */,
				500EA4961B0A290B0086484F /* ViewController.h */,
				500EA4971B0A290B0086484F /* ViewController.m */,
				500EA4B71B0A295E0086484F /* NotesTBXMLParser.h */,
				500EA4B81B0A295E0086484F /* NotesTBXMLParser.m */,
				500EA4991B0A290B0086484F /* Main.storyboard */,
				500EA49C1B0A290B0086484F /* Images.xcassets */,
				500EA49E1B0A290B0086484F /* LaunchScreen.xib */,
				500EA48F1B0A290B0086484F /* Supporting Files */,
			);
			path = XMLTest2;
			sourceTree = "<group>";
		};
		500EA48F1B0A290B0086484F /* Supporting Files */ = {
			isa = PBXGroup;
			children = (
				500EA4901B0A290B0086484F /* Info.plist */,
				500EA4911B0A290B0086484F /* main.m */,
			);
			name = "Supporting Files";
			sourceTree = "<group>";
		};
		500EA4A81B0A290B0086484F /* XMLTest2Tests */ = {
			isa = PBXGroup;
			children = (
				500EA4AB1B0A290B0086484F /* XMLTest2Tests.m */,
				500EA4A91B0A290B0086484F /* Supporting Files */,
			);
			path = XMLTest2Tests;
			sourceTree = "<group>";
		};
		500EA4A91B0A290B0086484F /* Supporting Files */ = {
			isa = PBXGroup;
			children = (
				500EA4AA1B0A290B0086484F /* Info.plist */,
			);
			name = "Supporting Files";
			sourceTree = "<group>";
		};
		500EA4BA1B0A2A380086484F /* TBXML-Code */ = {
			isa = PBXGroup;
			children = (
				500EA4BB1B0A2A380086484F /* TBXML+Compression.m */,
				500EA4BC1B0A2A380086484F /* TBXML+HTTP.m */,
				500EA4BD1B0A2A380086484F /* TBXML.m */,
			);
			path = "TBXML-Code";
			sourceTree = "<group>";
		};
		500EA4BE1B0A2A380086484F /* TBXML-Headers */ = {
			isa = PBXGroup;
			children = (
				500EA4BF1B0A2A380086484F /* TBXML+Compression.h */,
				500EA4C01B0A2A380086484F /* TBXML+HTTP.h */,
				500EA4C11B0A2A380086484F /* TBXML.h */,
			);
			path = "TBXML-Headers";
			sourceTree = "<group>";
		};
/* End PBXGroup section */

/* Begin PBXNativeTarget section */
		500EA48B1B0A290B0086484F /* XMLTest2 */ = {
			isa = PBXNativeTarget;
			buildConfigurationList = 500EA4AF1B0A290B0086484F /* Build configuration list for PBXNativeTarget "XMLTest2" */;
			buildPhases = (
				500EA4881B0A290B0086484F /* Sources */,
				500EA4891B0A290B0086484F /* Frameworks */,
				500EA48A1B0A290B0086484F /* Resources */,
			);
			buildRules = (
			);
			dependencies = (
			);
			name = XMLTest2;
			productName = XMLTest2;
			productReference = 500EA48C1B0A290B0086484F /* XMLTest2.app */;
			productType = "com.apple.product-type.application";
		};
		500EA4A41B0A290B0086484F /* XMLTest2Tests */ = {
			isa = PBXNativeTarget;
			buildConfigurationList = 500EA4B21B0A290B0086484F /* Build configuration list for PBXNativeTarget "XMLTest2Tests" */;
			buildPhases = (
				500EA4A11B0A290B0086484F /* Sources */,
				500EA4A21B0A290B0086484F /* Frameworks */,
				500EA4A31B0A290B0086484F /* Resources */,
			);
			buildRules = (
			);
			dependencies = (
				500EA4A71B0A290B0086484F /* PBXTargetDependency */,
			);
			name = XMLTest2Tests;
			productName = XMLTest2Tests;
			productReference = 500EA4A51B0A290B0086484F /* XMLTest2Tests.xctest */;
			productType = "com.apple.product-type.bundle.unit-test";
		};
/* End PBXNativeTarget section */

/* Begin PBXProject section */
		500EA4841B0A290B0086484F /* Project object */ = {
			isa = PBXProject;
			attributes = {
				LastUpgradeCheck = 0630;
				ORGANIZATIONNAME = wxiang1991;
				TargetAttributes = {
					500EA48B1B0A290B0086484F = {
						CreatedOnToolsVersion = 6.3.1;
					};
					500EA4A41B0A290B0086484F = {
						CreatedOnToolsVersion = 6.3.1;
						TestTargetID = 500EA48B1B0A290B0086484F;
					};
				};
			};
			buildConfigurationList = 500EA4871B0A290B0086484F /* Build configuration list for PBXProject "XMLTest2" */;
			compatibilityVersion = "Xcode 3.2";
			developmentRegion = English;
			hasScannedForEncodings = 0;
			knownRegions = (
				en,
				Base,
			);
			mainGroup = 500EA4831B0A290B0086484F;
			productRefGroup = 500EA48D1B0A290B0086484F /* Products */;
			projectDirPath = "";
			projectRoot = "";
			targets = (
				500EA48B1B0A290B0086484F /* XMLTest2 */,
				500EA4A41B0A290B0086484F /* XMLTest2Tests */,
			);
		};
/* End PBXProject section */

/* Begin PBXResourcesBuildPhase section */
		500EA48A1B0A290B0086484F /* Resources */ = {
			isa = PBXResourcesBuildPhase;
			buildActionMask = 2147483647;
			files = (
				500EA49B1B0A290B0086484F /* Main.storyboard in Resources */,
				500EA4A01B0A290B0086484F /* LaunchScreen.xib in Resources */,
				500EA49D1B0A290B0086484F /* Images.xcassets in Resources */,
			);
			runOnlyForDeploymentPostprocessing = 0;
		};
		500EA4A31B0A290B0086484F /* Resources */ = {
			isa = PBXResourcesBuildPhase;
			buildActionMask = 2147483647;
			files = (
			);
			runOnlyForDeploymentPostprocessing = 0;
		};
/* End PBXResourcesBuildPhase section */

/* Begin PBXSourcesBuildPhase section */
		500EA4881B0A290B0086484F /* Sources */ = {
			isa = PBXSourcesBuildPhase;
			buildActionMask = 2147483647;
			files = (
				500EA4C21B0A2A380086484F /* TBXML+Compression.m in Sources */,
				500EA4981B0A290B0086484F /* ViewController.m in Sources */,
				500EA4951B0A290B0086484F /* AppDelegate.m in Sources */,
				500EA4B91B0A295E0086484F /* NotesTBXMLParser.m in Sources */,
				500EA4921B0A290B0086484F /* main.m in Sources */,
				500EA4C31B0A2A380086484F /* TBXML+HTTP.m in Sources */,
				500EA4C41B0A2A380086484F /* TBXML.m in Sources */,
			);
			runOnlyForDeploymentPostprocessing = 0;
		};
		500EA4A11B0A290B0086484F /* Sources */ = {
			isa = PBXSourcesBuildPhase;
			buildActionMask = 2147483647;
			files = (
				500EA4AC1B0A290B0086484F /* XMLTest2Tests.m in Sources */,
			);
			runOnlyForDeploymentPostprocessing = 0;
		};
/* End PBXSourcesBuildPhase section */

/* Begin PBXTargetDependency section */
		500EA4A71B0A290B0086484F /* PBXTargetDependency */ = {
			isa = PBXTargetDependency;
			target = 500EA48B1B0A290B0086484F /* XMLTest2 */;
			targetProxy = 500EA4A61B0A290B0086484F /* PBXContainerItemProxy */;
		};
/* End PBXTargetDependency section */

/* Begin PBXVariantGroup section */
		500EA4991B0A290B0086484F /* Main.storyboard */ = {
			isa = PBXVariantGroup;
			children = (
				500EA49A1B0A290B0086484F /* Base */,
			);
			name = Main.storyboard;
			sourceTree = "<group>";
		};
		500EA49E1B0A290B0086484F /* LaunchScreen.xib */ = {
			isa = PBXVariantGroup;
			children = (
				500EA49F1B0A290B0086484F /* Base */,
			);
			name = LaunchScreen.xib;
			sourceTree = "<group>";
		};
/* End PBXVariantGroup section */

/* Begin XCBuildConfiguration section */
		500EA4AD1B0A290B0086484F /* Debug */ = {
			isa = XCBuildConfiguration;
			buildSettings = {
				ALWAYS_SEARCH_USER_PATHS = NO;
				CLANG_CXX_LANGUAGE_STANDARD = "gnu++0x";
				CLANG_CXX_LIBRARY = "libc++";
				CLANG_ENABLE_MODULES = YES;
				CLANG_ENABLE_OBJC_ARC = YES;
				CLANG_WARN_BOOL_CONVERSION = YES;
				CLANG_WARN_CONSTANT_CONVERSION = YES;
				CLANG_WARN_DIRECT_OBJC_ISA_USAGE = YES_ERROR;
				CLANG_WARN_EMPTY_BODY = YES;
				CLANG_WARN_ENUM_CONVERSION = YES;
				CLANG_WARN_INT_CONVERSION = YES;
				CLANG_WARN_OBJC_ROOT_CLASS = YES_ERROR;
				CLANG_WARN_UNREACHABLE_CODE = YES;
				CLANG_WARN__DUPLICATE_METHOD_MATCH = YES;
				"CODE_SIGN_IDENTITY[sdk=iphoneos*]" = "iPhone Developer";
				COPY_PHASE_STRIP = NO;
				DEBUG_INFORMATION_FORMAT = "dwarf-with-dsym";
				ENABLE_STRICT_OBJC_MSGSEND = YES;
				GCC_C_LANGUAGE_STANDARD = gnu99;
				GCC_DYNAMIC_NO_PIC = NO;
				GCC_NO_COMMON_BLOCKS = YES;
				GCC_OPTIMIZATION_LEVEL = 0;
				GCC_PREPROCESSOR_DEFINITIONS = (
					"DEBUG=1",
					"$(inherited)",
				);
				GCC_SYMBOLS_PRIVATE_EXTERN = NO;
				GCC_WARN_64_TO_32_BIT_CONVERSION = YES;
				GCC_WARN_ABOUT_RETURN_TYPE = YES_ERROR;
				GCC_WARN_UNDECLARED_SELECTOR = YES;
				GCC_WARN_UNINITIALIZED_AUTOS = YES_AGGRESSIVE;
				GCC_WARN_UNUSED_FUNCTION = YES;
				GCC_WARN_UNUSED_VARIABLE = YES;
				IPHONEOS_DEPLOYMENT_TARGET = 8.3;
				MTL_ENABLE_DEBUG_INFO = YES;
				ONLY_ACTIVE_ARCH = YES;
				SDKROOT = iphoneos;
			};
			name = Debug;
		};
		500EA4AE1B0A290B0086484F /* Release */ = {
			isa = XCBuildConfiguration;
			buildSettings = {
				ALWAYS_SEARCH_USER_PATHS = NO;
				CLANG_CXX_LANGUAGE_STANDARD = "gnu++0x";
				CLANG_CXX_LIBRARY = "libc++";
				CLANG_ENABLE_MODULES = YES;
				CLANG_ENABLE_OBJC_ARC = YES;
				CLANG_WARN_BOOL_CONVERSION = YES;
				CLANG_WARN_CONSTANT_CONVERSION = YES;
				CLANG_WARN_DIRECT_OBJC_ISA_USAGE = YES_ERROR;
				CLANG_WARN_EMPTY_BODY = YES;
				CLANG_WARN_ENUM_CONVERSION = YES;
				CLANG_WARN_INT_CONVERSION = YES;
				CLANG_WARN_OBJC_ROOT_CLASS = YES_ERROR;
				CLANG_WARN_UNREACHABLE_CODE = YES;
				CLANG_WARN__DUPLICATE_METHOD_MATCH = YES;
				"CODE_SIGN_IDENTITY[sdk=iphoneos*]" = "iPhone Developer";
				COPY_PHASE_STRIP = NO;
				DEBUG_INFORMATION_FORMAT = "dwarf-with-dsym";
				ENABLE_NS_ASSERTIONS = NO;
				ENABLE_STRICT_OBJC_MSGSEND = YES;
				GCC_C_LANGUAGE_STANDARD = gnu99;
				GCC_NO_COMMON_BLOCKS = YES;
				GCC_WARN_64_TO_32_BIT_CONVERSION = YES;
				GCC_WARN_ABOUT_RETURN_TYPE = YES_ERROR;
				GCC_WARN_UNDECLARED_SELECTOR = YES;
				GCC_WARN_UNINITIALIZED_AUTOS = YES_AGGRESSIVE;
				GCC_WARN_UNUSED_FUNCTION = YES;
				GCC_WARN_UNUSED_VARIABLE = YES;
				IPHONEOS_DEPLOYMENT_TARGET = 8.3;
				MTL_ENABLE_DEBUG_INFO = NO;
				SDKROOT = iphoneos;
				VALIDATE_PRODUCT = YES;
			};
			name = Release;
		};
		500EA4B01B0A290B0086484F /* Debug */ = {
			isa = XCBuildConfiguration;
			buildSettings = {
				ASSETCATALOG_COMPILER_APPICON_NAME = AppIcon;
				INFOPLIST_FILE = XMLTest2/Info.plist;
				LD_RUNPATH_SEARCH_PATHS = "$(inherited) @executable_path/Frameworks";
				PRODUCT_NAME = "$(TARGET_NAME)";
			};
			name = Debug;
		};
		500EA4B11B0A290B0086484F /* Release */ = {
			isa = XCBuildConfiguration;
			buildSettings = {
				ASSETCATALOG_COMPILER_APPICON_NAME = AppIcon;
				INFOPLIST_FILE = XMLTest2/Info.plist;
				LD_RUNPATH_SEARCH_PATHS = "$(inherited) @executable_path/Frameworks";
				PRODUCT_NAME = "$(TARGET_NAME)";
			};
			name = Release;
		};
		500EA4B31B0A290B0086484F /* Debug */ = {
			isa = XCBuildConfiguration;
			buildSettings = {
				BUNDLE_LOADER = "$(TEST_HOST)";
				FRAMEWORK_SEARCH_PATHS = (
					"$(SDKROOT)/Developer/Library/Frameworks",
					"$(inherited)",
				);
				GCC_PREPROCESSOR_DEFINITIONS = (
					"DEBUG=1",
					"$(inherited)",
				);
				INFOPLIST_FILE = XMLTest2Tests/Info.plist;
				LD_RUNPATH_SEARCH_PATHS = "$(inherited) @executable_path/Frameworks @loader_path/Frameworks";
				PRODUCT_NAME = "$(TARGET_NAME)";
				TEST_HOST = "$(BUILT_PRODUCTS_DIR)/XMLTest2.app/XMLTest2";
			};
			name = Debug;
		};
		500EA4B41B0A290B0086484F /* Release */ = {
			isa = XCBuildConfiguration;
			buildSettings = {
				BUNDLE_LOADER = "$(TEST_HOST)";
				FRAMEWORK_SEARCH_PATHS = (
					"$(SDKROOT)/Developer/Library/Frameworks",
					"$(inherited)",
				);
				INFOPLIST_FILE = XMLTest2Tests/Info.plist;
				LD_RUNPATH_SEARCH_PATHS = "$(inherited) @executable_path/Frameworks @loader_path/Frameworks";
				PRODUCT_NAME = "$(TARGET_NAME)";
				TEST_HOST = "$(BUILT_PRODUCTS_DIR)/XMLTest2.app/XMLTest2";
			};
			name = Release;
		};
/* End XCBuildConfiguration section */

/* Begin XCConfigurationList section */
		500EA4871B0A290B0086484F /* Build configuration list for PBXProject "XMLTest2" */ = {
			isa = XCConfigurationList;
			buildConfigurations = (
				500EA4AD1B0A290B0086484F /* Debug */,
				500EA4AE1B0A290B0086484F /* Release */,
			);
			defaultConfigurationIsVisible = 0;
			defaultConfigurationName = Release;
		};
		500EA4AF1B0A290B0086484F /* Build configuration list for PBXNativeTarget "XMLTest2" */ = {
			isa = XCConfigurationList;
			buildConfigurations = (
				500EA4B01B0A290B0086484F /* Debug */,
				500EA4B11B0A290B0086484F /* Release */,
			);
			defaultConfigurationIsVisible = 0;
		};
		500EA4B21B0A290B0086484F /* Build configuration list for PBXNativeTarget "XMLTest2Tests" */ = {
			isa = XCConfigurationList;
			buildConfigurations = (
				500EA4B31B0A290B0086484F /* Debug */,
				500EA4B41B0A290B0086484F /* Release */,
			);
			defaultConfigurationIsVisible = 0;
		};
/* End XCConfigurationList section */
	};
	rootObject = 500EA4841B0A290B0086484F /* Project object */;
}
