// !$*UTF8*$!
{
	archiveVersion = 1;
	classes = {
	};
	objectVersion = 46;
	objects = {

/* Begin PBXBuildFile section */
		50FEAEF41C9F9424002CB5B9 /* main.m in Sources */ = {isa = PBXBuildFile; fileRef = 50FEAEF31C9F9424002CB5B9 /* main.m */; };
		50FEAEF71C9F9424002CB5B9 /* AppDelegate.m in Sources */ = {isa = PBXBuildFile; fileRef = 50FEAEF61C9F9424002CB5B9 /* AppDelegate.m */; };
		50FEAEFA1C9F9424002CB5B9 /* ViewController.m in Sources */ = {isa = PBXBuildFile; fileRef = 50FEAEF91C9F9424002CB5B9 /* ViewController.m */; };
		50FEAEFD1C9F9424002CB5B9 /* Main.storyboard in Resources */ = {isa = PBXBuildFile; fileRef = 50FEAEFB1C9F9424002CB5B9 /* Main.storyboard */; };
		50FEAEFF1C9F9424002CB5B9 /* Assets.xcassets in Resources */ = {isa = PBXBuildFile; fileRef = 50FEAEFE1C9F9424002CB5B9 /* Assets.xcassets */; };
		50FEAF021C9F9424002CB5B9 /* LaunchScreen.storyboard in Resources */ = {isa = PBXBuildFile; fileRef = 50FEAF001C9F9424002CB5B9 /* LaunchScreen.storyboard */; };
		50FEAF0D1C9F9424002CB5B9 /* ReactiveCocoaDemo2Tests.m in Sources */ = {isa = PBXBuildFile; fileRef = 50FEAF0C1C9F9424002CB5B9 /* ReactiveCocoaDemo2Tests.m */; };
		50FEAF181C9F9425002CB5B9 /* ReactiveCocoaDemo2UITests.m in Sources */ = {isa = PBXBuildFile; fileRef = 50FEAF171C9F9425002CB5B9 /* ReactiveCocoaDemo2UITests.m */; };
		84B9B3BA7844D8C73DEF55B6 /* libPods.a in Frameworks */ = {isa = PBXBuildFile; fileRef = 1AD8C29CACC335C6DDF823BD /* libPods.a */; };
/* End PBXBuildFile section */

/* Begin PBXContainerItemProxy section */
		50FEAF091C9F9424002CB5B9 /* PBXContainerItemProxy */ = {
			isa = PBXContainerItemProxy;
			containerPortal = 50FEAEE71C9F9424002CB5B9 /* Project object */;
			proxyType = 1;
			remoteGlobalIDString = 50FEAEEE1C9F9424002CB5B9;
			remoteInfo = ReactiveCocoaDemo2;
		};
		50FEAF141C9F9425002CB5B9 /* PBXContainerItemProxy */ = {
			isa = PBXContainerItemProxy;
			containerPortal = 50FEAEE71C9F9424002CB5B9 /* Project object */;
			proxyType = 1;
			remoteGlobalIDString = 50FEAEEE1C9F9424002CB5B9;
			remoteInfo = ReactiveCocoaDemo2;
		};
/* End PBXContainerItemProxy section */

/* Begin PBXFileReference section */
		16CC5AD656523A3A3CFD5D27 /* Pods.debug.xcconfig */ = {isa = PBXFileReference; includeInIndex = 1; lastKnownFileType = text.xcconfig; name = Pods.debug.xcconfig; path = "Pods/Target Support Files/Pods/Pods.debug.xcconfig"; sourceTree = "<group>"; };
		1AD8C29CACC335C6DDF823BD /* libPods.a */ = {isa = PBXFileReference; explicitFileType = archive.ar; includeInIndex = 0; path = libPods.a; sourceTree = BUILT_PRODUCTS_DIR; };
		2CDE39BD9299FC3C56239C35 /* Pods.release.xcconfig */ = {isa = PBXFileReference; includeInIndex = 1; lastKnownFileType = text.xcconfig; name = Pods.release.xcconfig; path = "Pods/Target Support Files/Pods/Pods.release.xcconfig"; sourceTree = "<group>"; };
		50FEAEEF1C9F9424002CB5B9 /* ReactiveCocoaDemo2.app */ = {isa = PBXFileReference; explicitFileType = wrapper.application; includeInIndex = 0; path = ReactiveCocoaDemo2.app; sourceTree = BUILT_PRODUCTS_DIR; };
		50FEAEF31C9F9424002CB5B9 /* main.m */ = {isa = PBXFileReference; lastKnownFileType = sourcecode.c.objc; path = main.m; sourceTree = "<group>"; };
		50FEAEF51C9F9424002CB5B9 /* AppDelegate.h */ = {isa = PBXFileReference; lastKnownFileType = sourcecode.c.h; path = AppDelegate.h; sourceTree = "<group>"; };
		50FEAEF61C9F9424002CB5B9 /* AppDelegate.m */ = {isa = PBXFileReference; lastKnownFileType = sourcecode.c.objc; path = AppDelegate.m; sourceTree = "<group>"; };
		50FEAEF81C9F9424002CB5B9 /* ViewController.h */ = {isa = PBXFileReference; lastKnownFileType = sourcecode.c.h; path = ViewController.h; sourceTree = "<group>"; };
		50FEAEF91C9F9424002CB5B9 /* ViewController.m */ = {isa = PBXFileReference; lastKnownFileType = sourcecode.c.objc; path = ViewController.m; sourceTree = "<group>"; };
		50FEAEFC1C9F9424002CB5B9 /* Base */ = {isa = PBXFileReference; lastKnownFileType = file.storyboard; name = Base; path = Base.lproj/Main.storyboard; sourceTree = "<group>"; };
		50FEAEFE1C9F9424002CB5B9 /* Assets.xcassets */ = {isa = PBXFileReference; lastKnownFileType = folder.assetcatalog; path = Assets.xcassets; sourceTree = "<group>"; };
		50FEAF011C9F9424002CB5B9 /* Base */ = {isa = PBXFileReference; lastKnownFileType = file.storyboard; name = Base; path = Base.lproj/LaunchScreen.storyboard; sourceTree = "<group>"; };
		50FEAF031C9F9424002CB5B9 /* Info.plist */ = {isa = PBXFileReference; lastKnownFileType = text.plist.xml; path = Info.plist; sourceTree = "<group>"; };
		50FEAF081C9F9424002CB5B9 /* ReactiveCocoaDemo2Tests.xctest */ = {isa = PBXFileReference; explicitFileType = wrapper.cfbundle; includeInIndex = 0; path = ReactiveCocoaDemo2Tests.xctest; sourceTree = BUILT_PRODUCTS_DIR; };
		50FEAF0C1C9F9424002CB5B9 /* ReactiveCocoaDemo2Tests.m */ = {isa = PBXFileReference; lastKnownFileType = sourcecode.c.objc; path = ReactiveCocoaDemo2Tests.m; sourceTree = "<group>"; };
		50FEAF0E1C9F9424002CB5B9 /* Info.plist */ = {isa = PBXFileReference; lastKnownFileType = text.plist.xml; path = Info.plist; sourceTree = "<group>"; };
		50FEAF131C9F9425002CB5B9 /* ReactiveCocoaDemo2UITests.xctest */ = {isa = PBXFileReference; explicitFileType = wrapper.cfbundle; includeInIndex = 0; path = ReactiveCocoaDemo2UITests.xctest; sourceTree = BUILT_PRODUCTS_DIR; };
		50FEAF171C9F9425002CB5B9 /* ReactiveCocoaDemo2UITests.m */ = {isa = PBXFileReference; lastKnownFileType = sourcecode.c.objc; path = ReactiveCocoaDemo2UITests.m; sourceTree = "<group>"; };
		50FEAF191C9F9425002CB5B9 /* Info.plist */ = {isa = PBXFileReference; lastKnownFileType = text.plist.xml; path = Info.plist; sourceTree = "<group>"; };
/* End PBXFileReference section */

/* Begin PBXFrameworksBuildPhase section */
		50FEAEEC1C9F9424002CB5B9 /* Frameworks */ = {
			isa = PBXFrameworksBuildPhase;
			buildActionMask = 2147483647;
			files = (
				84B9B3BA7844D8C73DEF55B6 /* libPods.a in Frameworks */,
			);
			runOnlyForDeploymentPostprocessing = 0;
		};
		50FEAF051C9F9424002CB5B9 /* Frameworks */ = {
			isa = PBXFrameworksBuildPhase;
			buildActionMask = 2147483647;
			files = (
			);
			runOnlyForDeploymentPostprocessing = 0;
		};
		50FEAF101C9F9425002CB5B9 /* Frameworks */ = {
			isa = PBXFrameworksBuildPhase;
			buildActionMask = 2147483647;
			files = (
			);
			runOnlyForDeploymentPostprocessing = 0;
		};
/* End PBXFrameworksBuildPhase section */

/* Begin PBXGroup section */
		43F1025EAED0CF239FB01971 /* Frameworks */ = {
			isa = PBXGroup;
			children = (
				1AD8C29CACC335C6DDF823BD /* libPods.a */,
			);
			name = Frameworks;
			sourceTree = "<group>";
		};
		50FEAEE61C9F9424002CB5B9 = {
			isa = PBXGroup;
			children = (
				50FEAEF11C9F9424002CB5B9 /* ReactiveCocoaDemo2 */,
				50FEAF0B1C9F9424002CB5B9 /* ReactiveCocoaDemo2Tests */,
				50FEAF161C9F9425002CB5B9 /* ReactiveCocoaDemo2UITests */,
				50FEAEF01C9F9424002CB5B9 /* Products */,
				8F00EE2EBDEF2D7C4A719CBA /* Pods */,
				43F1025EAED0CF239FB01971 /* Frameworks */,
			);
			sourceTree = "<group>";
		};
		50FEAEF01C9F9424002CB5B9 /* Products */ = {
			isa = PBXGroup;
			children = (
				50FEAEEF1C9F9424002CB5B9 /* ReactiveCocoaDemo2.app */,
				50FEAF081C9F9424002CB5B9 /* ReactiveCocoaDemo2Tests.xctest */,
				50FEAF131C9F9425002CB5B9 /* ReactiveCocoaDemo2UITests.xctest */,
			);
			name = Products;
			sourceTree = "<group>";
		};
		50FEAEF11C9F9424002CB5B9 /* ReactiveCocoaDemo2 */ = {
			isa = PBXGroup;
			children = (
				50FEAEF51C9F9424002CB5B9 /* AppDelegate.h */,
				50FEAEF61C9F9424002CB5B9 /* AppDelegate.m */,
				50FEAEF81C9F9424002CB5B9 /* ViewController.h */,
				50FEAEF91C9F9424002CB5B9 /* ViewController.m */,
				50FEAEFB1C9F9424002CB5B9 /* Main.storyboard */,
				50FEAEFE1C9F9424002CB5B9 /* Assets.xcassets */,
				50FEAF001C9F9424002CB5B9 /* LaunchScreen.storyboard */,
				50FEAF031C9F9424002CB5B9 /* Info.plist */,
				50FEAEF21C9F9424002CB5B9 /* Supporting Files */,
			);
			path = ReactiveCocoaDemo2;
			sourceTree = "<group>";
		};
		50FEAEF21C9F9424002CB5B9 /* Supporting Files */ = {
			isa = PBXGroup;
			children = (
				50FEAEF31C9F9424002CB5B9 /* main.m */,
			);
			name = "Supporting Files";
			sourceTree = "<group>";
		};
		50FEAF0B1C9F9424002CB5B9 /* ReactiveCocoaDemo2Tests */ = {
			isa = PBXGroup;
			children = (
				50FEAF0C1C9F9424002CB5B9 /* ReactiveCocoaDemo2Tests.m */,
				50FEAF0E1C9F9424002CB5B9 /* Info.plist */,
			);
			path = ReactiveCocoaDemo2Tests;
			sourceTree = "<group>";
		};
		50FEAF161C9F9425002CB5B9 /* ReactiveCocoaDemo2UITests */ = {
			isa = PBXGroup;
			children = (
				50FEAF171C9F9425002CB5B9 /* ReactiveCocoaDemo2UITests.m */,
				50FEAF191C9F9425002CB5B9 /* Info.plist */,
			);
			path = ReactiveCocoaDemo2UITests;
			sourceTree = "<group>";
		};
		8F00EE2EBDEF2D7C4A719CBA /* Pods */ = {
			isa = PBXGroup;
			children = (
				16CC5AD656523A3A3CFD5D27 /* Pods.debug.xcconfig */,
				2CDE39BD9299FC3C56239C35 /* Pods.release.xcconfig */,
			);
			name = Pods;
			sourceTree = "<group>";
		};
/* End PBXGroup section */

/* Begin PBXNativeTarget section */
		50FEAEEE1C9F9424002CB5B9 /* ReactiveCocoaDemo2 */ = {
			isa = PBXNativeTarget;
			buildConfigurationList = 50FEAF1C1C9F9425002CB5B9 /* Build configuration list for PBXNativeTarget "ReactiveCocoaDemo2" */;
			buildPhases = (
				97EF0357D64918B0B42131AE /* Check Pods Manifest.lock */,
				50FEAEEB1C9F9424002CB5B9 /* Sources */,
				50FEAEEC1C9F9424002CB5B9 /* Frameworks */,
				50FEAEED1C9F9424002CB5B9 /* Resources */,
				38BA5B8B93A85839EFF18C15 /* Embed Pods Frameworks */,
				104D014743076A3CC40C70BA /* Copy Pods Resources */,
			);
			buildRules = (
			);
			dependencies = (
			);
			name = ReactiveCocoaDemo2;
			productName = ReactiveCocoaDemo2;
			productReference = 50FEAEEF1C9F9424002CB5B9 /* ReactiveCocoaDemo2.app */;
			productType = "com.apple.product-type.application";
		};
		50FEAF071C9F9424002CB5B9 /* ReactiveCocoaDemo2Tests */ = {
			isa = PBXNativeTarget;
			buildConfigurationList = 50FEAF1F1C9F9425002CB5B9 /* Build configuration list for PBXNativeTarget "ReactiveCocoaDemo2Tests" */;
			buildPhases = (
				50FEAF041C9F9424002CB5B9 /* Sources */,
				50FEAF051C9F9424002CB5B9 /* Frameworks */,
				50FEAF061C9F9424002CB5B9 /* Resources */,
			);
			buildRules = (
			);
			dependencies = (
				50FEAF0A1C9F9424002CB5B9 /* PBXTargetDependency */,
			);
			name = ReactiveCocoaDemo2Tests;
			productName = ReactiveCocoaDemo2Tests;
			productReference = 50FEAF081C9F9424002CB5B9 /* ReactiveCocoaDemo2Tests.xctest */;
			productType = "com.apple.product-type.bundle.unit-test";
		};
		50FEAF121C9F9425002CB5B9 /* ReactiveCocoaDemo2UITests */ = {
			isa = PBXNativeTarget;
			buildConfigurationList = 50FEAF221C9F9425002CB5B9 /* Build configuration list for PBXNativeTarget "ReactiveCocoaDemo2UITests" */;
			buildPhases = (
				50FEAF0F1C9F9425002CB5B9 /* Sources */,
				50FEAF101C9F9425002CB5B9 /* Frameworks */,
				50FEAF111C9F9425002CB5B9 /* Resources */,
			);
			buildRules = (
			);
			dependencies = (
				50FEAF151C9F9425002CB5B9 /* PBXTargetDependency */,
			);
			name = ReactiveCocoaDemo2UITests;
			productName = ReactiveCocoaDemo2UITests;
			productReference = 50FEAF131C9F9425002CB5B9 /* ReactiveCocoaDemo2UITests.xctest */;
			productType = "com.apple.product-type.bundle.ui-testing";
		};
/* End PBXNativeTarget section */

/* Begin PBXProject section */
		50FEAEE71C9F9424002CB5B9 /* Project object */ = {
			isa = PBXProject;
			attributes = {
				LastUpgradeCheck = 0720;
				ORGANIZATIONNAME = "王享";
				TargetAttributes = {
					50FEAEEE1C9F9424002CB5B9 = {
						CreatedOnToolsVersion = 7.2.1;
						DevelopmentTeam = 8SJL7289U7;
					};
					50FEAF071C9F9424002CB5B9 = {
						CreatedOnToolsVersion = 7.2.1;
						DevelopmentTeam = 8SJL7289U7;
						TestTargetID = 50FEAEEE1C9F9424002CB5B9;
					};
					50FEAF121C9F9425002CB5B9 = {
						CreatedOnToolsVersion = 7.2.1;
						DevelopmentTeam = 8SJL7289U7;
						TestTargetID = 50FEAEEE1C9F9424002CB5B9;
					};
				};
			};
			buildConfigurationList = 50FEAEEA1C9F9424002CB5B9 /* Build configuration list for PBXProject "ReactiveCocoaDemo2" */;
			compatibilityVersion = "Xcode 3.2";
			developmentRegion = English;
			hasScannedForEncodings = 0;
			knownRegions = (
				en,
				Base,
			);
			mainGroup = 50FEAEE61C9F9424002CB5B9;
			productRefGroup = 50FEAEF01C9F9424002CB5B9 /* Products */;
			projectDirPath = "";
			projectRoot = "";
			targets = (
				50FEAEEE1C9F9424002CB5B9 /* ReactiveCocoaDemo2 */,
				50FEAF071C9F9424002CB5B9 /* ReactiveCocoaDemo2Tests */,
				50FEAF121C9F9425002CB5B9 /* ReactiveCocoaDemo2UITests */,
			);
		};
/* End PBXProject section */

/* Begin PBXResourcesBuildPhase section */
		50FEAEED1C9F9424002CB5B9 /* Resources */ = {
			isa = PBXResourcesBuildPhase;
			buildActionMask = 2147483647;
			files = (
				50FEAF021C9F9424002CB5B9 /* LaunchScreen.storyboard in Resources */,
				50FEAEFF1C9F9424002CB5B9 /* Assets.xcassets in Resources */,
				50FEAEFD1C9F9424002CB5B9 /* Main.storyboard in Resources */,
			);
			runOnlyForDeploymentPostprocessing = 0;
		};
		50FEAF061C9F9424002CB5B9 /* Resources */ = {
			isa = PBXResourcesBuildPhase;
			buildActionMask = 2147483647;
			files = (
			);
			runOnlyForDeploymentPostprocessing = 0;
		};
		50FEAF111C9F9425002CB5B9 /* Resources */ = {
			isa = PBXResourcesBuildPhase;
			buildActionMask = 2147483647;
			files = (
			);
			runOnlyForDeploymentPostprocessing = 0;
		};
/* End PBXResourcesBuildPhase section */

/* Begin PBXShellScriptBuildPhase section */
		104D014743076A3CC40C70BA /* Copy Pods Resources */ = {
			isa = PBXShellScriptBuildPhase;
			buildActionMask = 2147483647;
			files = (
			);
			inputPaths = (
			);
			name = "Copy Pods Resources";
			outputPaths = (
			);
			runOnlyForDeploymentPostprocessing = 0;
			shellPath = /bin/sh;
			shellScript = "\"${SRCROOT}/Pods/Target Support Files/Pods/Pods-resources.sh\"\n";
			showEnvVarsInLog = 0;
		};
		38BA5B8B93A85839EFF18C15 /* Embed Pods Frameworks */ = {
			isa = PBXShellScriptBuildPhase;
			buildActionMask = 2147483647;
			files = (
			);
			inputPaths = (
			);
			name = "Embed Pods Frameworks";
			outputPaths = (
			);
			runOnlyForDeploymentPostprocessing = 0;
			shellPath = /bin/sh;
			shellScript = "\"${SRCROOT}/Pods/Target Support Files/Pods/Pods-frameworks.sh\"\n";
			showEnvVarsInLog = 0;
		};
		97EF0357D64918B0B42131AE /* Check Pods Manifest.lock */ = {
			isa = PBXShellScriptBuildPhase;
			buildActionMask = 2147483647;
			files = (
			);
			inputPaths = (
			);
			name = "Check Pods Manifest.lock";
			outputPaths = (
			);
			runOnlyForDeploymentPostprocessing = 0;
			shellPath = /bin/sh;
			shellScript = "diff \"${PODS_ROOT}/../Podfile.lock\" \"${PODS_ROOT}/Manifest.lock\" > /dev/null\nif [[ $? != 0 ]] ; then\n    cat << EOM\nerror: The sandbox is not in sync with the Podfile.lock. Run 'pod install' or update your CocoaPods installation.\nEOM\n    exit 1\nfi\n";
			showEnvVarsInLog = 0;
		};
/* End PBXShellScriptBuildPhase section */

/* Begin PBXSourcesBuildPhase section */
		50FEAEEB1C9F9424002CB5B9 /* Sources */ = {
			isa = PBXSourcesBuildPhase;
			buildActionMask = 2147483647;
			files = (
				50FEAEFA1C9F9424002CB5B9 /* ViewController.m in Sources */,
				50FEAEF71C9F9424002CB5B9 /* AppDelegate.m in Sources */,
				50FEAEF41C9F9424002CB5B9 /* main.m in Sources */,
			);
			runOnlyForDeploymentPostprocessing = 0;
		};
		50FEAF041C9F9424002CB5B9 /* Sources */ = {
			isa = PBXSourcesBuildPhase;
			buildActionMask = 2147483647;
			files = (
				50FEAF0D1C9F9424002CB5B9 /* ReactiveCocoaDemo2Tests.m in Sources */,
			);
			runOnlyForDeploymentPostprocessing = 0;
		};
		50FEAF0F1C9F9425002CB5B9 /* Sources */ = {
			isa = PBXSourcesBuildPhase;
			buildActionMask = 2147483647;
			files = (
				50FEAF181C9F9425002CB5B9 /* ReactiveCocoaDemo2UITests.m in Sources */,
			);
			runOnlyForDeploymentPostprocessing = 0;
		};
/* End PBXSourcesBuildPhase section */

/* Begin PBXTargetDependency section */
		50FEAF0A1C9F9424002CB5B9 /* PBXTargetDependency */ = {
			isa = PBXTargetDependency;
			target = 50FEAEEE1C9F9424002CB5B9 /* ReactiveCocoaDemo2 */;
			targetProxy = 50FEAF091C9F9424002CB5B9 /* PBXContainerItemProxy */;
		};
		50FEAF151C9F9425002CB5B9 /* PBXTargetDependency */ = {
			isa = PBXTargetDependency;
			target = 50FEAEEE1C9F9424002CB5B9 /* ReactiveCocoaDemo2 */;
			targetProxy = 50FEAF141C9F9425002CB5B9 /* PBXContainerItemProxy */;
		};
/* End PBXTargetDependency section */

/* Begin PBXVariantGroup section */
		50FEAEFB1C9F9424002CB5B9 /* Main.storyboard */ = {
			isa = PBXVariantGroup;
			children = (
				50FEAEFC1C9F9424002CB5B9 /* Base */,
			);
			name = Main.storyboard;
			sourceTree = "<group>";
		};
		50FEAF001C9F9424002CB5B9 /* LaunchScreen.storyboard */ = {
			isa = PBXVariantGroup;
			children = (
				50FEAF011C9F9424002CB5B9 /* Base */,
			);
			name = LaunchScreen.storyboard;
			sourceTree = "<group>";
		};
/* End PBXVariantGroup section */

/* Begin XCBuildConfiguration section */
		50FEAF1A1C9F9425002CB5B9 /* Debug */ = {
			isa = XCBuildConfiguration;
			buildSettings = {
				ALWAYS_SEARCH_USER_PATHS = NO;
				CLANG_CXX_LANGUAGE_STANDARD = "gnu++0x";
				CLANG_CXX_LIBRARY = "libc++";
				CLANG_ENABLE_MODULES = YES;
				CLANG_ENABLE_OBJC_ARC = YES;
				CLANG_WARN_BOOL_CONVERSION = YES;
				CLANG_WARN_CONSTANT_CONVERSION = YES;
				CLANG_WARN_DIRECT_OBJC_ISA_USAGE = YES_ERROR;
				CLANG_WARN_EMPTY_BODY = YES;
				CLANG_WARN_ENUM_CONVERSION = YES;
				CLANG_WARN_INT_CONVERSION = YES;
				CLANG_WARN_OBJC_ROOT_CLASS = YES_ERROR;
				CLANG_WARN_UNREACHABLE_CODE = YES;
				CLANG_WARN__DUPLICATE_METHOD_MATCH = YES;
				"CODE_SIGN_IDENTITY[sdk=iphoneos*]" = "iPhone Developer";
				COPY_PHASE_STRIP = NO;
				DEBUG_INFORMATION_FORMAT = dwarf;
				ENABLE_STRICT_OBJC_MSGSEND = YES;
				ENABLE_TESTABILITY = YES;
				GCC_C_LANGUAGE_STANDARD = gnu99;
				GCC_DYNAMIC_NO_PIC = NO;
				GCC_NO_COMMON_BLOCKS = YES;
				GCC_OPTIMIZATION_LEVEL = 0;
				GCC_PREPROCESSOR_DEFINITIONS = (
					"DEBUG=1",
					"$(inherited)",
				);
				GCC_WARN_64_TO_32_BIT_CONVERSION = YES;
				GCC_WARN_ABOUT_RETURN_TYPE = YES_ERROR;
				GCC_WARN_UNDECLARED_SELECTOR = YES;
				GCC_WARN_UNINITIALIZED_AUTOS = YES_AGGRESSIVE;
				GCC_WARN_UNUSED_FUNCTION = YES;
				GCC_WARN_UNUSED_VARIABLE = YES;
				IPHONEOS_DEPLOYMENT_TARGET = 9.2;
				MTL_ENABLE_DEBUG_INFO = YES;
				ONLY_ACTIVE_ARCH = YES;
				SDKROOT = iphoneos;
				TARGETED_DEVICE_FAMILY = "1,2";
			};
			name = Debug;
		};
		50FEAF1B1C9F9425002CB5B9 /* Release */ = {
			isa = XCBuildConfiguration;
			buildSettings = {
				ALWAYS_SEARCH_USER_PATHS = NO;
				CLANG_CXX_LANGUAGE_STANDARD = "gnu++0x";
				CLANG_CXX_LIBRARY = "libc++";
				CLANG_ENABLE_MODULES = YES;
				CLANG_ENABLE_OBJC_ARC = YES;
				CLANG_WARN_BOOL_CONVERSION = YES;
				CLANG_WARN_CONSTANT_CONVERSION = YES;
				CLANG_WARN_DIRECT_OBJC_ISA_USAGE = YES_ERROR;
				CLANG_WARN_EMPTY_BODY = YES;
				CLANG_WARN_ENUM_CONVERSION = YES;
				CLANG_WARN_INT_CONVERSION = YES;
				CLANG_WARN_OBJC_ROOT_CLASS = YES_ERROR;
				CLANG_WARN_UNREACHABLE_CODE = YES;
				CLANG_WARN__DUPLICATE_METHOD_MATCH = YES;
				"CODE_SIGN_IDENTITY[sdk=iphoneos*]" = "iPhone Developer";
				COPY_PHASE_STRIP = NO;
				DEBUG_INFORMATION_FORMAT = "dwarf-with-dsym";
				ENABLE_NS_ASSERTIONS = NO;
				ENABLE_STRICT_OBJC_MSGSEND = YES;
				GCC_C_LANGUAGE_STANDARD = gnu99;
				GCC_NO_COMMON_BLOCKS = YES;
				GCC_WARN_64_TO_32_BIT_CONVERSION = YES;
				GCC_WARN_ABOUT_RETURN_TYPE = YES_ERROR;
				GCC_WARN_UNDECLARED_SELECTOR = YES;
				GCC_WARN_UNINITIALIZED_AUTOS = YES_AGGRESSIVE;
				GCC_WARN_UNUSED_FUNCTION = YES;
				GCC_WARN_UNUSED_VARIABLE = YES;
				IPHONEOS_DEPLOYMENT_TARGET = 9.2;
				MTL_ENABLE_DEBUG_INFO = NO;
				SDKROOT = iphoneos;
				TARGETED_DEVICE_FAMILY = "1,2";
				VALIDATE_PRODUCT = YES;
			};
			name = Release;
		};
		50FEAF1D1C9F9425002CB5B9 /* Debug */ = {
			isa = XCBuildConfiguration;
			baseConfigurationReference = 16CC5AD656523A3A3CFD5D27 /* Pods.debug.xcconfig */;
			buildSettings = {
				ASSETCATALOG_COMPILER_APPICON_NAME = AppIcon;
				INFOPLIST_FILE = ReactiveCocoaDemo2/Info.plist;
				LD_RUNPATH_SEARCH_PATHS = "$(inherited) @executable_path/Frameworks";
				PRODUCT_BUNDLE_IDENTIFIER = com.wxiang1991.ReactiveCocoaDemo2;
				PRODUCT_NAME = "$(TARGET_NAME)";
			};
			name = Debug;
		};
		50FEAF1E1C9F9425002CB5B9 /* Release */ = {
			isa = XCBuildConfiguration;
			baseConfigurationReference = 2CDE39BD9299FC3C56239C35 /* Pods.release.xcconfig */;
			buildSettings = {
				ASSETCATALOG_COMPILER_APPICON_NAME = AppIcon;
				INFOPLIST_FILE = ReactiveCocoaDemo2/Info.plist;
				LD_RUNPATH_SEARCH_PATHS = "$(inherited) @executable_path/Frameworks";
				PRODUCT_BUNDLE_IDENTIFIER = com.wxiang1991.ReactiveCocoaDemo2;
				PRODUCT_NAME = "$(TARGET_NAME)";
			};
			name = Release;
		};
		50FEAF201C9F9425002CB5B9 /* Debug */ = {
			isa = XCBuildConfiguration;
			buildSettings = {
				BUNDLE_LOADER = "$(TEST_HOST)";
				INFOPLIST_FILE = ReactiveCocoaDemo2Tests/Info.plist;
				LD_RUNPATH_SEARCH_PATHS = "$(inherited) @executable_path/Frameworks @loader_path/Frameworks";
				PRODUCT_BUNDLE_IDENTIFIER = com.wxiang1991.ReactiveCocoaDemo2Tests;
				PRODUCT_NAME = "$(TARGET_NAME)";
				TEST_HOST = "$(BUILT_PRODUCTS_DIR)/ReactiveCocoaDemo2.app/ReactiveCocoaDemo2";
			};
			name = Debug;
		};
		50FEAF211C9F9425002CB5B9 /* Release */ = {
			isa = XCBuildConfiguration;
			buildSettings = {
				BUNDLE_LOADER = "$(TEST_HOST)";
				INFOPLIST_FILE = ReactiveCocoaDemo2Tests/Info.plist;
				LD_RUNPATH_SEARCH_PATHS = "$(inherited) @executable_path/Frameworks @loader_path/Frameworks";
				PRODUCT_BUNDLE_IDENTIFIER = com.wxiang1991.ReactiveCocoaDemo2Tests;
				PRODUCT_NAME = "$(TARGET_NAME)";
				TEST_HOST = "$(BUILT_PRODUCTS_DIR)/ReactiveCocoaDemo2.app/ReactiveCocoaDemo2";
			};
			name = Release;
		};
		50FEAF231C9F9425002CB5B9 /* Debug */ = {
			isa = XCBuildConfiguration;
			buildSettings = {
				INFOPLIST_FILE = ReactiveCocoaDemo2UITests/Info.plist;
				LD_RUNPATH_SEARCH_PATHS = "$(inherited) @executable_path/Frameworks @loader_path/Frameworks";
				PRODUCT_BUNDLE_IDENTIFIER = com.wxiang1991.ReactiveCocoaDemo2UITests;
				PRODUCT_NAME = "$(TARGET_NAME)";
				TEST_TARGET_NAME = ReactiveCocoaDemo2;
				USES_XCTRUNNER = YES;
			};
			name = Debug;
		};
		50FEAF241C9F9425002CB5B9 /* Release */ = {
			isa = XCBuildConfiguration;
			buildSettings = {
				INFOPLIST_FILE = ReactiveCocoaDemo2UITests/Info.plist;
				LD_RUNPATH_SEARCH_PATHS = "$(inherited) @executable_path/Frameworks @loader_path/Frameworks";
				PRODUCT_BUNDLE_IDENTIFIER = com.wxiang1991.ReactiveCocoaDemo2UITests;
				PRODUCT_NAME = "$(TARGET_NAME)";
				TEST_TARGET_NAME = ReactiveCocoaDemo2;
				USES_XCTRUNNER = YES;
			};
			name = Release;
		};
/* End XCBuildConfiguration section */

/* Begin XCConfigurationList section */
		50FEAEEA1C9F9424002CB5B9 /* Build configuration list for PBXProject "ReactiveCocoaDemo2" */ = {
			isa = XCConfigurationList;
			buildConfigurations = (
				50FEAF1A1C9F9425002CB5B9 /* Debug */,
				50FEAF1B1C9F9425002CB5B9 /* Release */,
			);
			defaultConfigurationIsVisible = 0;
			defaultConfigurationName = Release;
		};
		50FEAF1C1C9F9425002CB5B9 /* Build configuration list for PBXNativeTarget "ReactiveCocoaDemo2" */ = {
			isa = XCConfigurationList;
			buildConfigurations = (
				50FEAF1D1C9F9425002CB5B9 /* Debug */,
				50FEAF1E1C9F9425002CB5B9 /* Release */,
			);
			defaultConfigurationIsVisible = 0;
			defaultConfigurationName = Release;
		};
		50FEAF1F1C9F9425002CB5B9 /* Build configuration list for PBXNativeTarget "ReactiveCocoaDemo2Tests" */ = {
			isa = XCConfigurationList;
			buildConfigurations = (
				50FEAF201C9F9425002CB5B9 /* Debug */,
				50FEAF211C9F9425002CB5B9 /* Release */,
			);
			defaultConfigurationIsVisible = 0;
			defaultConfigurationName = Release;
		};
		50FEAF221C9F9425002CB5B9 /* Build configuration list for PBXNativeTarget "ReactiveCocoaDemo2UITests" */ = {
			isa = XCConfigurationList;
			buildConfigurations = (
				50FEAF231C9F9425002CB5B9 /* Debug */,
				50FEAF241C9F9425002CB5B9 /* Release */,
			);
			defaultConfigurationIsVisible = 0;
			defaultConfigurationName = Release;
		};
/* End XCConfigurationList section */
	};
	rootObject = 50FEAEE71C9F9424002CB5B9 /* Project object */;
}
